Microsoft Visual Studio Solution File, Format Version 11.00
# Visual Studio 2008

Project("{6B920223-1598-3A6A-C1C5-3C4453B066BC}") = "BlessTheStar", "Assembly-CSharp-firstpass.csproj", "{2A63E86D-389E-2D13-FAE4-CE48B5A67242}"
EndProject
Project("{6B920223-1598-3A6A-C1C5-3C4453B066BC}") = "BlessTheStar", "Assembly-CSharp.csproj", "{9A0419DD-A19D-FF2C-7540-F72C016ADA98}"
EndProject
Project("{6B920223-1598-3A6A-C1C5-3C4453B066BC}") = "BlessTheStar", "Assembly-CSharp-Editor.csproj", "{8C12A09F-C6A5-5989-2ADE-0B1967A9C7B1}"
EndProject
Global
	GlobalSection(SolutionConfigurationPlatforms) = preSolution
		Debug|Any CPU = Debug|Any CPU
		Release|Any CPU = Release|Any CPU
	EndGlobalSection
	GlobalSection(ProjectConfigurationPlatforms) = postSolution
		{2A63E86D-389E-2D13-FAE4-CE48B5A67242}.Debug|Any CPU.ActiveCfg = Debug|Any CPU
		{2A63E86D-389E-2D13-FAE4-CE48B5A67242}.Debug|Any CPU.Build.0 = Debug|Any CPU
		{2A63E86D-389E-2D13-FAE4-CE48B5A67242}.Release|Any CPU.ActiveCfg = Release|Any CPU
		{2A63E86D-389E-2D13-FAE4-CE48B5A67242}.Release|Any CPU.Build.0 = Release|Any CPU
		{9A0419DD-A19D-FF2C-7540-F72C016ADA98}.Debug|Any CPU.ActiveCfg = Debug|Any CPU
		{9A0419DD-A19D-FF2C-7540-F72C016ADA98}.Debug|Any CPU.Build.0 = Debug|Any CPU
		{9A0419DD-A19D-FF2C-7540-F72C016ADA98}.Release|Any CPU.ActiveCfg = Release|Any CPU
		{9A0419DD-A19D-FF2C-7540-F72C016ADA98}.Release|Any CPU.Build.0 = Release|Any CPU
		{8C12A09F-C6A5-5989-2ADE-0B1967A9C7B1}.Debug|Any CPU.ActiveCfg = Debug|Any CPU
		{8C12A09F-C6A5-5989-2ADE-0B1967A9C7B1}.Debug|Any CPU.Build.0 = Debug|Any CPU
		{8C12A09F-C6A5-5989-2ADE-0B1967A9C7B1}.Release|Any CPU.ActiveCfg = Release|Any CPU
		{8C12A09F-C6A5-5989-2ADE-0B1967A9C7B1}.Release|Any CPU.Build.0 = Release|Any CPU
	EndGlobalSection
	GlobalSection(SolutionProperties) = preSolution
		HideSolutionNode = FALSE
	EndGlobalSection
	GlobalSection(MonoDevelopProperties) = preSolution
		StartupItem = Assembly-CSharp.csproj
	EndGlobalSection
EndGlobal
